{
  "name": "tanita-tracker-netcore",
  "version": "1.0.0",
  "lockfileVersion": 1,
  "requires": true,
  "dependencies": {
    "bootstrap": {
      "version": "3.3.7",
      "resolved": "https://registry.npmjs.org/bootstrap/-/bootstrap-3.3.7.tgz",
      "integrity": "sha1-WjiTlFSfIzMIdaOxUGVldPip63E="
    },
    "datatables": {
      "version": "1.10.13",
      "resolved": "https://registry.npmjs.org/datatables/-/datatables-1.10.13.tgz",
      "integrity": "sha1-m7Lexvfc8CBJoA5PDn0/4AnDk0Y=",
      "requires": {
        "jquery": ">=1.7"
      }
    },
    "font-awesome": {
      "version": "4.7.0",
      "resolved": "https://registry.npmjs.org/font-awesome/-/font-awesome-4.7.0.tgz",
      "integrity": "sha1-j6jPBBGhoxr9B7BtKQK7n8gVoTM="
    },
    "jquery": {
      "version": "3.3.1",
      "resolved": "https://registry.npmjs.org/jquery/-/jquery-3.3.1.tgz",
      "integrity": "sha512-Ubldcmxp5np52/ENotGxlLe6aGMvmF4R8S6tZjsP6Knsaxd/xp3Zrh50cG93lR6nPXyUFwzN3ZSOQI0wRJNdGg=="
    },
    "jquery-loadingModal": {
      "version": "1.0.2",
      "resolved": "https://registry.npmjs.org/jquery-loadingModal/-/jquery-loadingModal-1.0.2.tgz",
      "integrity": "sha1-uhlTl8il0Dl7i6gf3wupRZlNXEs="
    },
    "jquery-slimscroll": {
      "version": "1.3.8",
      "resolved": "https://registry.npmjs.org/jquery-slimscroll/-/jquery-slimscroll-1.3.8.tgz",
      "integrity": "sha1-hIHETnpHaHZTkIoo9/cK7WTITjY=",
      "requires": {
        "jquery": ">= 1.7"
      }
    },
    "jquery-validation": {
      "version": "1.14.0",
      "resolved": "https://registry.npmjs.org/jquery-validation/-/jquery-validation-1.14.0.tgz",
      "integrity": "sha1-uMBMnaGSkvwz4twFm2JMWTcVsjo="
    },
    "jquery-validation-unobtrusive": {
      "version": "3.2.6",
      "resolved": "https://registry.npmjs.org/jquery-validation-unobtrusive/-/jquery-validation-unobtrusive-3.2.6.tgz",
      "integrity": "sha1-D4dnxUYuMLSldD0SRh6AV9p1cuU=",
      "requires": {
        "jquery": ">=1.8",
        "jquery-validation": ">=1.8"
      }
    },
    "metismenu": {
      "version": "2.2.0",
      "resolved": "https://registry.npmjs.org/metismenu/-/metismenu-2.2.0.tgz",
      "integrity": "sha1-ZhjjTmTPrsYclUPmiFCgGAeqt3c="
    },
    "pace-js": {
      "version": "1.0.2",
      "resolved": "https://registry.npmjs.org/pace-js/-/pace-js-1.0.2.tgz",
      "integrity": "sha1-Zzpxf4M8y09DFVMbde5HiDdmAPc="
    }
  }
}
