
Microsoft Visual Studio Solution File, Format Version 12.00
# Visual Studio 2012
Project("{FAE04EC0-301F-11D3-BF4B-00C04F79EFBC}") = "Web-NetCore", "Web-NetCore\Web-NetCore.csproj", "{2E55B472-F218-4A4E-9146-9FF706E6FC82}"
EndProject
Project("{FAE04EC0-301F-11D3-BF4B-00C04F79EFBC}") = "AppService", "AppService\AppService.csproj", "{E43FA0D1-BEF2-4811-A347-2CCB0B7BF9FF}"
EndProject
Project("{FAE04EC0-301F-11D3-BF4B-00C04F79EFBC}") = "Domain", "Domain\Domain.csproj", "{B5CB4AE9-8C00-4DCF-A854-9C65BEC3D0B2}"
EndProject
Project("{FAE04EC0-301F-11D3-BF4B-00C04F79EFBC}") = "DatabaseMigration", "DatabaseMigration\DatabaseMigration.csproj", "{E8AE70B1-4D2A-44D4-99D9-23E2292A1272}"
EndProject
Global
	GlobalSection(SolutionConfigurationPlatforms) = preSolution
		Debug|Any CPU = Debug|Any CPU
		Release|Any CPU = Release|Any CPU
	EndGlobalSection
	GlobalSection(ProjectConfigurationPlatforms) = postSolution
		{2E55B472-F218-4A4E-9146-9FF706E6FC82}.Debug|Any CPU.ActiveCfg = Debug|Any CPU
		{2E55B472-F218-4A4E-9146-9FF706E6FC82}.Debug|Any CPU.Build.0 = Debug|Any CPU
		{2E55B472-F218-4A4E-9146-9FF706E6FC82}.Release|Any CPU.ActiveCfg = Release|Any CPU
		{2E55B472-F218-4A4E-9146-9FF706E6FC82}.Release|Any CPU.Build.0 = Release|Any CPU
		{E43FA0D1-BEF2-4811-A347-2CCB0B7BF9FF}.Debug|Any CPU.ActiveCfg = Debug|Any CPU
		{E43FA0D1-BEF2-4811-A347-2CCB0B7BF9FF}.Debug|Any CPU.Build.0 = Debug|Any CPU
		{E43FA0D1-BEF2-4811-A347-2CCB0B7BF9FF}.Release|Any CPU.ActiveCfg = Release|Any CPU
		{E43FA0D1-BEF2-4811-A347-2CCB0B7BF9FF}.Release|Any CPU.Build.0 = Release|Any CPU
		{B5CB4AE9-8C00-4DCF-A854-9C65BEC3D0B2}.Debug|Any CPU.ActiveCfg = Debug|Any CPU
		{B5CB4AE9-8C00-4DCF-A854-9C65BEC3D0B2}.Debug|Any CPU.Build.0 = Debug|Any CPU
		{B5CB4AE9-8C00-4DCF-A854-9C65BEC3D0B2}.Release|Any CPU.ActiveCfg = Release|Any CPU
		{B5CB4AE9-8C00-4DCF-A854-9C65BEC3D0B2}.Release|Any CPU.Build.0 = Release|Any CPU
		{9C13F27C-6245-47E8-8F41-D95F3E420C6A}.Debug|Any CPU.ActiveCfg = Debug|Any CPU
		{9C13F27C-6245-47E8-8F41-D95F3E420C6A}.Debug|Any CPU.Build.0 = Debug|Any CPU
		{9C13F27C-6245-47E8-8F41-D95F3E420C6A}.Release|Any CPU.ActiveCfg = Release|Any CPU
		{9C13F27C-6245-47E8-8F41-D95F3E420C6A}.Release|Any CPU.Build.0 = Release|Any CPU
		{E8AE70B1-4D2A-44D4-99D9-23E2292A1272}.Debug|Any CPU.ActiveCfg = Debug|Any CPU
		{E8AE70B1-4D2A-44D4-99D9-23E2292A1272}.Debug|Any CPU.Build.0 = Debug|Any CPU
		{E8AE70B1-4D2A-44D4-99D9-23E2292A1272}.Release|Any CPU.ActiveCfg = Release|Any CPU
		{E8AE70B1-4D2A-44D4-99D9-23E2292A1272}.Release|Any CPU.Build.0 = Release|Any CPU
	EndGlobalSection
EndGlobal
